// !$*UTF8*$!
{
	archiveVersion = 1;
	classes = {
	};
	objectVersion = 77;
	objects = {

/* Begin PBXBuildFile section */
		90A0000A2C4B000100000001 /* LocalTravelApp.swift in Sources */ = {isa = PBXBuildFile; fileRef = 90A000092C4B000100000001 /* LocalTravelApp.swift */; };
		90A0000C2C4B000100000001 /* LocalGuideModels.swift in Sources */ = {isa = PBXBuildFile; fileRef = 90A0000B2C4B000100000001 /* LocalGuideModels.swift */; };
		90A0000E2C4B000100000001 /* SavedPlacesStore.swift in Sources */ = {isa = PBXBuildFile; fileRef = 90A0000D2C4B000100000001 /* SavedPlacesStore.swift */; };
		90A000102C4B000100000001 /* ContentView.swift in Sources */ = {isa = PBXBuildFile; fileRef = 90A0000F2C4B000100000001 /* ContentView.swift */; };
		90A0001A2C4B000100000001 /* LocalTravelTests.swift in Sources */ = {isa = PBXBuildFile; fileRef = 90A000192C4B000100000001 /* LocalTravelTests.swift */; };
/* End PBXBuildFile section */

/* Begin PBXContainerItemProxy section */
		90A000162C4B000100000001 /* PBXContainerItemProxy */ = {
			isa = PBXContainerItemProxy;
			containerPortal = 90A000012C4B000100000001 /* Project object */;
			proxyType = 1;
			remoteGlobalIDString = 90A000052C4B000100000001;
			remoteInfo = LocalTravel;
		};
/* End PBXContainerItemProxy section */

/* Begin PBXFileReference section */
		90A000062C4B000100000001 /* LocalTravel.app */ = {isa = PBXFileReference; explicitFileType = wrapper.application; includeInIndex = 0; path = LocalTravel.app; sourceTree = BUILT_PRODUCTS_DIR; };
		90A000092C4B000100000001 /* LocalTravelApp.swift */ = {isa = PBXFileReference; lastKnownFileType = sourcecode.swift; path = LocalTravelApp.swift; sourceTree = "<group>"; };
		90A0000B2C4B000100000001 /* LocalGuideModels.swift */ = {isa = PBXFileReference; lastKnownFileType = sourcecode.swift; path = LocalGuideModels.swift; sourceTree = "<group>"; };
		90A0000D2C4B000100000001 /* SavedPlacesStore.swift */ = {isa = PBXFileReference; lastKnownFileType = sourcecode.swift; path = SavedPlacesStore.swift; sourceTree = "<group>"; };
		90A0000F2C4B000100000001 /* ContentView.swift */ = {isa = PBXFileReference; lastKnownFileType = sourcecode.swift; path = ContentView.swift; sourceTree = "<group>"; };
		90A000142C4B000100000001 /* LocalTravelTests.xctest */ = {isa = PBXFileReference; explicitFileType = wrapper.cfbundle; includeInIndex = 0; path = LocalTravelTests.xctest; sourceTree = BUILT_PRODUCTS_DIR; };
		90A000192C4B000100000001 /* LocalTravelTests.swift */ = {isa = PBXFileReference; lastKnownFileType = sourcecode.swift; path = LocalTravelTests.swift; sourceTree = "<group>"; };
/* End PBXFileReference section */

/* Begin PBXFileSystemSynchronizedRootGroup section */
/* End PBXFileSystemSynchronizedRootGroup section */

/* Begin PBXFrameworksBuildPhase section */
		90A000032C4B000100000001 /* Frameworks */ = {
			isa = PBXFrameworksBuildPhase;
			buildActionMask = 2147483647;
			files = (
			);
			runOnlyForDeploymentPostprocessing = 0;
		};
		90A000122C4B000100000001 /* Frameworks */ = {
			isa = PBXFrameworksBuildPhase;
			buildActionMask = 2147483647;
			files = (
			);
			runOnlyForDeploymentPostprocessing = 0;
		};
/* End PBXFrameworksBuildPhase section */

/* Begin PBXGroup section */
		90A000002C4B000100000001 = {
			isa = PBXGroup;
			children = (
				90A000082C4B000100000001 /* LocalTravel */,
				90A000182C4B000100000001 /* LocalTravelTests */,
				90A000072C4B000100000001 /* Products */,
			);
			sourceTree = "<group>";
		};
		90A000072C4B000100000001 /* Products */ = {
			isa = PBXGroup;
			children = (
				90A000062C4B000100000001 /* LocalTravel.app */,
				90A000142C4B000100000001 /* LocalTravelTests.xctest */,
			);
			name = Products;
			sourceTree = "<group>";
		};
		90A000082C4B000100000001 /* LocalTravel */ = {
			isa = PBXGroup;
			children = (
				90A000092C4B000100000001 /* LocalTravelApp.swift */,
				90A0000B2C4B000100000001 /* LocalGuideModels.swift */,
				90A0000D2C4B000100000001 /* SavedPlacesStore.swift */,
				90A0000F2C4B000100000001 /* ContentView.swift */,
			);
			path = LocalTravel;
			sourceTree = "<group>";
		};
		90A000182C4B000100000001 /* LocalTravelTests */ = {
			isa = PBXGroup;
			children = (
				90A000192C4B000100000001 /* LocalTravelTests.swift */,
			);
			path = LocalTravelTests;
			sourceTree = "<group>";
		};
/* End PBXGroup section */

/* Begin PBXNativeTarget section */
		90A000052C4B000100000001 /* LocalTravel */ = {
			isa = PBXNativeTarget;
			buildConfigurationList = 90A000222C4B000100000001 /* Build configuration list for PBXNativeTarget "LocalTravel" */;
			buildPhases = (
				90A000022C4B000100000001 /* Sources */,
				90A000032C4B000100000001 /* Frameworks */,
				90A000042C4B000100000001 /* Resources */,
			);
			buildRules = (
			);
			dependencies = (
			);
			name = LocalTravel;
			productName = LocalTravel;
			productReference = 90A000062C4B000100000001 /* LocalTravel.app */;
			productType = "com.apple.product-type.application";
		};
		90A000132C4B000100000001 /* LocalTravelTests */ = {
			isa = PBXNativeTarget;
			buildConfigurationList = 90A000252C4B000100000001 /* Build configuration list for PBXNativeTarget "LocalTravelTests" */;
			buildPhases = (
				90A000112C4B000100000001 /* Sources */,
				90A000122C4B000100000001 /* Frameworks */,
				90A0001D2C4B000100000001 /* Resources */,
			);
			buildRules = (
			);
			dependencies = (
				90A000172C4B000100000001 /* PBXTargetDependency */,
			);
			name = LocalTravelTests;
			productName = LocalTravelTests;
			productReference = 90A000142C4B000100000001 /* LocalTravelTests.xctest */;
			productType = "com.apple.product-type.bundle.unit-test";
		};
/* End PBXNativeTarget section */

/* Begin PBXProject section */
		90A000012C4B000100000001 /* Project object */ = {
			isa = PBXProject;
			attributes = {
				BuildIndependentTargetsInParallel = 1;
				LastSwiftUpdateCheck = 2660;
				LastUpgradeCheck = 2660;
				TargetAttributes = {
					90A000052C4B000100000001 = {
						CreatedOnToolsVersion = 26.6;
					};
					90A000132C4B000100000001 = {
						CreatedOnToolsVersion = 26.6;
						TestTargetID = 90A000052C4B000100000001;
					};
				};
			};
			buildConfigurationList = 90A000212C4B000100000001 /* Build configuration list for PBXProject "LocalTravel" */;
			developmentRegion = en;
			hasScannedForEncodings = 0;
			knownRegions = (
				en,
				Base,
			);
			mainGroup = 90A000002C4B000100000001;
			minimizedProjectReferenceProxies = 1;
			preferredProjectObjectVersion = 77;
			productRefGroup = 90A000072C4B000100000001 /* Products */;
			projectDirPath = "";
			projectRoot = "";
			targets = (
				90A000052C4B000100000001 /* LocalTravel */,
				90A000132C4B000100000001 /* LocalTravelTests */,
			);
		};
/* End PBXProject section */

/* Begin PBXResourcesBuildPhase section */
		90A000042C4B000100000001 /* Resources */ = {
			isa = PBXResourcesBuildPhase;
			buildActionMask = 2147483647;
			files = (
			);
			runOnlyForDeploymentPostprocessing = 0;
		};
		90A0001D2C4B000100000001 /* Resources */ = {
			isa = PBXResourcesBuildPhase;
			buildActionMask = 2147483647;
			files = (
			);
			runOnlyForDeploymentPostprocessing = 0;
		};
/* End PBXResourcesBuildPhase section */

/* Begin PBXSourcesBuildPhase section */
		90A000022C4B000100000001 /* Sources */ = {
			isa = PBXSourcesBuildPhase;
			buildActionMask = 2147483647;
			files = (
				90A0000A2C4B000100000001 /* LocalTravelApp.swift in Sources */,
				90A0000C2C4B000100000001 /* LocalGuideModels.swift in Sources */,
				90A0000E2C4B000100000001 /* SavedPlacesStore.swift in Sources */,
				90A000102C4B000100000001 /* ContentView.swift in Sources */,
			);
			runOnlyForDeploymentPostprocessing = 0;
		};
		90A000112C4B000100000001 /* Sources */ = {
			isa = PBXSourcesBuildPhase;
			buildActionMask = 2147483647;
			files = (
				90A0001A2C4B000100000001 /* LocalTravelTests.swift in Sources */,
			);
			runOnlyForDeploymentPostprocessing = 0;
		};
/* End PBXSourcesBuildPhase section */

/* Begin PBXTargetDependency section */
		90A000172C4B000100000001 /* PBXTargetDependency */ = {
			isa = PBXTargetDependency;
			target = 90A000052C4B000100000001 /* LocalTravel */;
			targetProxy = 90A000162C4B000100000001 /* PBXContainerItemProxy */;
		};
/* End PBXTargetDependency section */

/* Begin XCBuildConfiguration section */
		90A0001F2C4B000100000001 /* Debug */ = {
			isa = XCBuildConfiguration;
			buildSettings = {
				ALWAYS_SEARCH_USER_PATHS = NO;
				CLANG_ANALYZER_NONNULL = YES;
				CLANG_ANALYZER_NUMBER_OBJECT_CONVERSION = YES_AGGRESSIVE;
				CLANG_CXX_LANGUAGE_STANDARD = "gnu++20";
				CLANG_ENABLE_MODULES = YES;
				CLANG_ENABLE_OBJC_ARC = YES;
				CLANG_ENABLE_OBJC_WEAK = YES;
				CLANG_WARN_BLOCK_CAPTURE_AUTORELEASING = YES;
				CLANG_WARN_BOOL_CONVERSION = YES;
				CLANG_WARN_COMMA = YES;
				CLANG_WARN_CONSTANT_CONVERSION = YES;
				CLANG_WARN_DEPRECATED_OBJC_IMPLEMENTATIONS = YES;
				CLANG_WARN_DIRECT_OBJC_ISA_USAGE = YES_ERROR;
				CLANG_WARN_DOCUMENTATION_COMMENTS = YES;
				CLANG_WARN_EMPTY_BODY = YES;
				CLANG_WARN_ENUM_CONVERSION = YES;
				CLANG_WARN_INFINITE_RECURSION = YES;
				CLANG_WARN_INT_CONVERSION = YES;
				CLANG_WARN_NON_LITERAL_NULL_CONVERSION = YES;
				CLANG_WARN_OBJC_IMPLICIT_RETAIN_SELF = YES;
				CLANG_WARN_OBJC_LITERAL_CONVERSION = YES;
				CLANG_WARN_OBJC_ROOT_CLASS = YES_ERROR;
				CLANG_WARN_QUOTED_INCLUDE_IN_FRAMEWORK_HEADER = YES;
				CLANG_WARN_RANGE_LOOP_ANALYSIS = YES;
				CLANG_WARN_STRICT_PROTOTYPES = YES;
				CLANG_WARN_SUSPICIOUS_MOVE = YES;
				CLANG_WARN_UNGUARDED_AVAILABILITY = YES_AGGRESSIVE;
				CLANG_WARN_UNREACHABLE_CODE = YES;
				CLANG_WARN__DUPLICATE_METHOD_MATCH = YES;
				COPY_PHASE_STRIP = NO;
				DEBUG_INFORMATION_FORMAT = dwarf;
				ENABLE_STRICT_OBJC_MSGSEND = YES;
				ENABLE_TESTABILITY = YES;
				ENABLE_USER_SCRIPT_SANDBOXING = YES;
				GCC_C_LANGUAGE_STANDARD = gnu17;
				GCC_DYNAMIC_NO_PIC = NO;
				GCC_NO_COMMON_BLOCKS = YES;
				GCC_OPTIMIZATION_LEVEL = 0;
				GCC_PREPROCESSOR_DEFINITIONS = (
					"DEBUG=1",
					"$(inherited)",
				);
				GCC_WARN_64_TO_32_BIT_CONVERSION = YES;
				GCC_WARN_ABOUT_RETURN_TYPE = YES_ERROR;
				GCC_WARN_UNDECLARED_SELECTOR = YES;
				GCC_WARN_UNINITIALIZED_AUTOS = YES_AGGRESSIVE;
				GCC_WARN_UNUSED_FUNCTION = YES;
				GCC_WARN_UNUSED_VARIABLE = YES;
				IPHONEOS_DEPLOYMENT_TARGET = 17.0;
				LOCALIZATION_PREFERS_STRING_CATALOGS = YES;
				MTL_ENABLE_DEBUG_INFO = INCLUDE_SOURCE;
				MTL_FAST_MATH = YES;
				ONLY_ACTIVE_ARCH = YES;
				SDKROOT = iphoneos;
				SWIFT_ACTIVE_COMPILATION_CONDITIONS = "DEBUG $(inherited)";
				SWIFT_OPTIMIZATION_LEVEL = "-Onone";
			};
			name = Debug;
		};
		90A000202C4B000100000001 /* Release */ = {
			isa = XCBuildConfiguration;
			buildSettings = {
				ALWAYS_SEARCH_USER_PATHS = NO;
				CLANG_ANALYZER_NONNULL = YES;
				CLANG_ANALYZER_NUMBER_OBJECT_CONVERSION = YES_AGGRESSIVE;
				CLANG_CXX_LANGUAGE_STANDARD = "gnu++20";
				CLANG_ENABLE_MODULES = YES;
				CLANG_ENABLE_OBJC_ARC = YES;
				CLANG_ENABLE_OBJC_WEAK = YES;
				CLANG_WARN_BLOCK_CAPTURE_AUTORELEASING = YES;
				CLANG_WARN_BOOL_CONVERSION = YES;
				CLANG_WARN_COMMA = YES;
				CLANG_WARN_CONSTANT_CONVERSION = YES;
				CLANG_WARN_DEPRECATED_OBJC_IMPLEMENTATIONS = YES;
				CLANG_WARN_DIRECT_OBJC_ISA_USAGE = YES_ERROR;
				CLANG_WARN_DOCUMENTATION_COMMENTS = YES;
				CLANG_WARN_EMPTY_BODY = YES;
				CLANG_WARN_ENUM_CONVERSION = YES;
				CLANG_WARN_INFINITE_RECURSION = YES;
				CLANG_WARN_INT_CONVERSION = YES;
				CLANG_WARN_NON_LITERAL_NULL_CONVERSION = YES;
				CLANG_WARN_OBJC_IMPLICIT_RETAIN_SELF = YES;
				CLANG_WARN_OBJC_LITERAL_CONVERSION = YES;
				CLANG_WARN_OBJC_ROOT_CLASS = YES_ERROR;
				CLANG_WARN_QUOTED_INCLUDE_IN_FRAMEWORK_HEADER = YES;
				CLANG_WARN_RANGE_LOOP_ANALYSIS = YES;
				CLANG_WARN_STRICT_PROTOTYPES = YES;
				CLANG_WARN_SUSPICIOUS_MOVE = YES;
				CLANG_WARN_UNGUARDED_AVAILABILITY = YES_AGGRESSIVE;
				CLANG_WARN_UNREACHABLE_CODE = YES;
				CLANG_WARN__DUPLICATE_METHOD_MATCH = YES;
				COPY_PHASE_STRIP = NO;
				DEBUG_INFORMATION_FORMAT = "dwarf-with-dsym";
				ENABLE_NS_ASSERTIONS = NO;
				ENABLE_STRICT_OBJC_MSGSEND = YES;
				ENABLE_USER_SCRIPT_SANDBOXING = YES;
				GCC_C_LANGUAGE_STANDARD = gnu17;
				GCC_NO_COMMON_BLOCKS = YES;
				GCC_WARN_64_TO_32_BIT_CONVERSION = YES;
				GCC_WARN_ABOUT_RETURN_TYPE = YES_ERROR;
				GCC_WARN_UNDECLARED_SELECTOR = YES;
				GCC_WARN_UNINITIALIZED_AUTOS = YES_AGGRESSIVE;
				GCC_WARN_UNUSED_FUNCTION = YES;
				GCC_WARN_UNUSED_VARIABLE = YES;
				IPHONEOS_DEPLOYMENT_TARGET = 17.0;
				LOCALIZATION_PREFERS_STRING_CATALOGS = YES;
				MTL_ENABLE_DEBUG_INFO = NO;
				MTL_FAST_MATH = YES;
				SDKROOT = iphoneos;
				SWIFT_COMPILATION_MODE = wholemodule;
				VALIDATE_PRODUCT = YES;
			};
			name = Release;
		};
		90A000232C4B000100000001 /* Debug */ = {
			isa = XCBuildConfiguration;
			buildSettings = {
				ASSETCATALOG_COMPILER_APPICON_NAME = AppIcon;
				CODE_SIGN_STYLE = Automatic;
				CURRENT_PROJECT_VERSION = 1;
				DEVELOPMENT_TEAM = "";
				ENABLE_PREVIEWS = YES;
				GENERATE_INFOPLIST_FILE = YES;
				INFOPLIST_KEY_CFBundleDisplayName = "Local Travel";
				INFOPLIST_KEY_LSApplicationCategoryType = "public.app-category.travel";
				INFOPLIST_KEY_UIApplicationSceneManifest_Generation = YES;
				INFOPLIST_KEY_UIApplicationSupportsIndirectInputEvents = YES;
				INFOPLIST_KEY_UILaunchScreen_Generation = YES;
				INFOPLIST_KEY_UISupportedInterfaceOrientations_iPad = "UIInterfaceOrientationPortrait UIInterfaceOrientationPortraitUpsideDown UIInterfaceOrientationLandscapeLeft UIInterfaceOrientationLandscapeRight";
				INFOPLIST_KEY_UISupportedInterfaceOrientations_iPhone = "UIInterfaceOrientationPortrait UIInterfaceOrientationLandscapeLeft UIInterfaceOrientationLandscapeRight";
				IPHONEOS_DEPLOYMENT_TARGET = 17.0;
				PRODUCT_BUNDLE_IDENTIFIER = com.crowdlisten.localtravel;
				PRODUCT_NAME = "$(TARGET_NAME)";
				SWIFT_EMIT_LOC_STRINGS = YES;
				SWIFT_VERSION = 6.0;
				TARGETED_DEVICE_FAMILY = "1,2";
			};
			name = Debug;
		};
		90A000242C4B000100000001 /* Release */ = {
			isa = XCBuildConfiguration;
			buildSettings = {
				ASSETCATALOG_COMPILER_APPICON_NAME = AppIcon;
				CODE_SIGN_STYLE = Automatic;
				CURRENT_PROJECT_VERSION = 1;
				DEVELOPMENT_TEAM = "";
				ENABLE_PREVIEWS = YES;
				GENERATE_INFOPLIST_FILE = YES;
				INFOPLIST_KEY_CFBundleDisplayName = "Local Travel";
				INFOPLIST_KEY_LSApplicationCategoryType = "public.app-category.travel";
				INFOPLIST_KEY_UIApplicationSceneManifest_Generation = YES;
				INFOPLIST_KEY_UIApplicationSupportsIndirectInputEvents = YES;
				INFOPLIST_KEY_UILaunchScreen_Generation = YES;
				INFOPLIST_KEY_UISupportedInterfaceOrientations_iPad = "UIInterfaceOrientationPortrait UIInterfaceOrientationPortraitUpsideDown UIInterfaceOrientationLandscapeLeft UIInterfaceOrientationLandscapeRight";
				INFOPLIST_KEY_UISupportedInterfaceOrientations_iPhone = "UIInterfaceOrientationPortrait UIInterfaceOrientationLandscapeLeft UIInterfaceOrientationLandscapeRight";
				IPHONEOS_DEPLOYMENT_TARGET = 17.0;
				PRODUCT_BUNDLE_IDENTIFIER = com.crowdlisten.localtravel;
				PRODUCT_NAME = "$(TARGET_NAME)";
				SWIFT_EMIT_LOC_STRINGS = YES;
				SWIFT_VERSION = 6.0;
				TARGETED_DEVICE_FAMILY = "1,2";
			};
			name = Release;
		};
		90A000262C4B000100000001 /* Debug */ = {
			isa = XCBuildConfiguration;
			buildSettings = {
				BUNDLE_LOADER = "$(TEST_HOST)";
				CODE_SIGN_STYLE = Automatic;
				CURRENT_PROJECT_VERSION = 1;
				DEVELOPMENT_TEAM = "";
				GENERATE_INFOPLIST_FILE = YES;
				IPHONEOS_DEPLOYMENT_TARGET = 17.0;
				PRODUCT_BUNDLE_IDENTIFIER = com.crowdlisten.localtravel.tests;
				PRODUCT_NAME = "$(TARGET_NAME)";
				SWIFT_VERSION = 6.0;
				TARGETED_DEVICE_FAMILY = "1,2";
				TEST_HOST = "$(BUILT_PRODUCTS_DIR)/LocalTravel.app/$(BUNDLE_EXECUTABLE_FOLDER_PATH)/LocalTravel";
			};
			name = Debug;
		};
		90A000272C4B000100000001 /* Release */ = {
			isa = XCBuildConfiguration;
			buildSettings = {
				BUNDLE_LOADER = "$(TEST_HOST)";
				CODE_SIGN_STYLE = Automatic;
				CURRENT_PROJECT_VERSION = 1;
				DEVELOPMENT_TEAM = "";
				GENERATE_INFOPLIST_FILE = YES;
				IPHONEOS_DEPLOYMENT_TARGET = 17.0;
				PRODUCT_BUNDLE_IDENTIFIER = com.crowdlisten.localtravel.tests;
				PRODUCT_NAME = "$(TARGET_NAME)";
				SWIFT_VERSION = 6.0;
				TARGETED_DEVICE_FAMILY = "1,2";
				TEST_HOST = "$(BUILT_PRODUCTS_DIR)/LocalTravel.app/$(BUNDLE_EXECUTABLE_FOLDER_PATH)/LocalTravel";
			};
			name = Release;
		};
/* End XCBuildConfiguration section */

/* Begin XCConfigurationList section */
		90A000212C4B000100000001 /* Build configuration list for PBXProject "LocalTravel" */ = {
			isa = XCConfigurationList;
			buildConfigurations = (
				90A0001F2C4B000100000001 /* Debug */,
				90A000202C4B000100000001 /* Release */,
			);
			defaultConfigurationIsVisible = 0;
			defaultConfigurationName = Release;
		};
		90A000222C4B000100000001 /* Build configuration list for PBXNativeTarget "LocalTravel" */ = {
			isa = XCConfigurationList;
			buildConfigurations = (
				90A000232C4B000100000001 /* Debug */,
				90A000242C4B000100000001 /* Release */,
			);
			defaultConfigurationIsVisible = 0;
			defaultConfigurationName = Release;
		};
		90A000252C4B000100000001 /* Build configuration list for PBXNativeTarget "LocalTravelTests" */ = {
			isa = XCConfigurationList;
			buildConfigurations = (
				90A000262C4B000100000001 /* Debug */,
				90A000272C4B000100000001 /* Release */,
			);
			defaultConfigurationIsVisible = 0;
			defaultConfigurationName = Release;
		};
/* End XCConfigurationList section */
	};
	rootObject = 90A000012C4B000100000001 /* Project object */;
}
